# This file is automatically @generated by Cargo.
# It is not intended for manual editing.
version = 4

[[package]]
name = "ahi"
version = "0.6.0"
dependencies = [
 "sdl3",
]

[[package]]
name = "bitflags"
version = "2.10.0"
source = "registry+https://github.com/rust-lang/crates.io-index"
checksum = "812e12b5285cc515a9c72a5c1d3b6d46a19dac5acfef5265968c166106e31dd3"

[[package]]
name = "cc"
version = "1.2.50"
source = "registry+https://github.com/rust-lang/crates.io-index"
checksum = "9f50d563227a1c37cc0a263f64eca3334388c01c5e4c4861a9def205c614383c"
dependencies = [
 "find-msvc-tools",
 "shlex",
]

[[package]]
name = "cmake"
version = "0.1.57"
source = "registry+https://github.com/rust-lang/crates.io-index"
checksum = "75443c44cd6b379beb8c5b45d85d0773baf31cce901fe7bb252f4eff3008ef7d"
dependencies = [
 "cc",
]

[[package]]
name = "find-msvc-tools"
version = "0.1.5"
source = "registry+https://github.com/rust-lang/crates.io-index"
checksum = "3a3076410a55c90011c298b04d0cfa770b00fa04e1e3c97d3f6c9de105a03844"

[[package]]
name = "lazy_static"
version = "1.5.0"
source = "registry+https://github.com/rust-lang/crates.io-index"
checksum = "bbd2bcb4c963f2ddae06a2efc7e9f3591312473c50c6685e1f298068316e66fe"

[[package]]
name = "libc"
version = "0.2.180"
source = "registry+https://github.com/rust-lang/crates.io-index"
checksum = "bcc35a38544a891a5f7c865aca548a982ccb3b8650a5b06d0fd33a10283c56fc"

[[package]]
name = "rpkg-config"
version = "0.1.2"
source = "registry+https://github.com/rust-lang/crates.io-index"
checksum = "5a2d2f3481209a6b42eec2fbb49063fb4e8d35b57023401495d4fe0f85c817f0"

[[package]]
name = "sdl3"
version = "0.17.3"
source = "registry+https://github.com/rust-lang/crates.io-index"
checksum = "dce0693cede7f7901e968e5539f87174d0fb5fac5d489a3e3be52b2b4a0b49c5"
dependencies = [
 "bitflags",
 "lazy_static",
 "libc",
 "sdl3-image-sys",
 "sdl3-sys",
 "sdl3-ttf-sys",
]

[[package]]
name = "sdl3-image-src"
version = "3.2.6"
source = "registry+https://github.com/rust-lang/crates.io-index"
checksum = "936d4dc07e63daea9725d5aa764fd1c5db4dde5d94ee956d20e193bdd592a40d"

[[package]]
name = "sdl3-image-sys"
version = "0.6.0+SDL-image-3.2.6"
source = "registry+https://github.com/rust-lang/crates.io-index"
checksum = "ec4d62a0bdf51c83383f9ae409be02436eef48bfb750f1744facfa06eada28e6"
dependencies = [
 "cmake",
 "rpkg-config",
 "sdl3-image-src",
 "sdl3-sys",
]

[[package]]
name = "sdl3-src"
version = "3.4.0"
source = "registry+https://github.com/rust-lang/crates.io-index"
checksum = "8d75184862d20bd48bdfeb7a6ee00d67c211e6a7301dc8011f7db1ed8e78fbf3"

[[package]]
name = "sdl3-sys"
version = "0.6.0+SDL-3.4.0"
source = "registry+https://github.com/rust-lang/crates.io-index"
checksum = "8361b0312462d2cf9c115fcbdf9cfceceef79d53faec3b50efd6447ac903eb23"
dependencies = [
 "cc",
 "cmake",
 "rpkg-config",
 "sdl3-src",
]

[[package]]
name = "sdl3-ttf-src"
version = "3.2.3"
source = "registry+https://github.com/rust-lang/crates.io-index"
checksum = "f28923d2ce72ff317d8eb7cec97ddfb8f351c330d7bcbf8c76e91332122c93b3"

[[package]]
name = "sdl3-ttf-sys"
version = "0.6.0+SDL-ttf-3.2.2"
source = "registry+https://github.com/rust-lang/crates.io-index"
checksum = "c30da3dcd7e062f19350b47a532f7629c42801b801687535fd31e8ba2adfd71d"
dependencies = [
 "cmake",
 "rpkg-config",
 "sdl3-sys",
 "sdl3-ttf-src",
]

[[package]]
name = "shlex"
version = "1.3.0"
source = "registry+https://github.com/rust-lang/crates.io-index"
checksum = "0fda2ff0d084019ba4d7c6f371c95d8fd75ce3524c3cb8fb653a3023f6323e64"
