# This file is automatically @generated by Cargo.
# It is not intended for manual editing.
version = 4

[[package]]
name = "ahi"
version = "0.6.0"
dependencies = [
 "sdl3",
]

[[package]]
name = "bitflags"
version = "2.10.0"
source = "registry+https://github.com/rust-lang/crates.io-index"
checksum = "812e12b5285cc515a9c72a5c1d3b6d46a19dac5acfef5265968c166106e31dd3"

[[package]]
name = "cc"
version = "1.2.50"
source = "registry+https://github.com/rust-lang/crates.io-index"
checksum = "9f50d563227a1c37cc0a263f64eca3334388c01c5e4c4861a9def205c614383c"
dependencies = [
 "find-msvc-tools",
 "shlex",
]

[[package]]
name = "cmake"
version = "0.1.57"
source = "registry+https://github.com/rust-lang/crates.io-index"
checksum = "75443c44cd6b379beb8c5b45d85d0773baf31cce901fe7bb252f4eff3008ef7d"
dependencies = [
 "cc",
]

[[package]]
name = "find-msvc-tools"
version = "0.1.5"
source = "registry+https://github.com/rust-lang/crates.io-index"
checksum = "3a3076410a55c90011c298b04d0cfa770b00fa04e1e3c97d3f6c9de105a03844"

[[package]]
name = "lazy_static"
version = "1.5.0"
source = "registry+https://github.com/rust-lang/crates.io-index"
checksum = "bbd2bcb4c963f2ddae06a2efc7e9f3591312473c50c6685e1f298068316e66fe"

[[package]]
name = "libc"
version = "0.2.178"
source = "registry+https://github.com/rust-lang/crates.io-index"
checksum = "37c93d8daa9d8a012fd8ab92f088405fb202ea0b6ab73ee2482ae66af4f42091"

[[package]]
name = "rpkg-config"
version = "0.1.2"
source = "registry+https://github.com/rust-lang/crates.io-index"
checksum = "5a2d2f3481209a6b42eec2fbb49063fb4e8d35b57023401495d4fe0f85c817f0"

[[package]]
name = "sdl3"
version = "0.16.2"
source = "registry+https://github.com/rust-lang/crates.io-index"
checksum = "40ad6a0142275b5a39c20051c071ab6719068d3ecb345cc96f78b9818e73e44a"
dependencies = [
 "bitflags",
 "lazy_static",
 "libc",
 "sdl3-image-sys",
 "sdl3-sys",
 "sdl3-ttf-sys",
]

[[package]]
name = "sdl3-image-src"
version = "3.2.4"
source = "registry+https://github.com/rust-lang/crates.io-index"
checksum = "c4d0c6070f236297a8e7931cbe5f652e3f0e5a8a214b12984357bd4904874cc7"

[[package]]
name = "sdl3-image-sys"
version = "0.2.0+SDL3-image-3.2.4"
source = "registry+https://github.com/rust-lang/crates.io-index"
checksum = "1d92bd93ce75ca9b027474f90c788daf3b5ced8410ee3c1dcb478a10030bf162"
dependencies = [
 "cmake",
 "rpkg-config",
 "sdl3-image-src",
 "sdl3-sys",
]

[[package]]
name = "sdl3-src"
version = "3.2.28"
source = "registry+https://github.com/rust-lang/crates.io-index"
checksum = "c77e0ceda907b4b335bc34191538ba538b30bd30a90daedc575f6e347c4605c2"

[[package]]
name = "sdl3-sys"
version = "0.5.11+SDL3-3.2.28"
source = "registry+https://github.com/rust-lang/crates.io-index"
checksum = "73979b5f78819ede7fb6b7534161fe70f3d7a56cc09e7e29c7b58c2b525abfa6"
dependencies = [
 "cc",
 "cmake",
 "rpkg-config",
 "sdl3-src",
]

[[package]]
name = "sdl3-ttf-src"
version = "3.2.3"
source = "registry+https://github.com/rust-lang/crates.io-index"
checksum = "f28923d2ce72ff317d8eb7cec97ddfb8f351c330d7bcbf8c76e91332122c93b3"

[[package]]
name = "sdl3-ttf-sys"
version = "0.2.0+SDL3-ttf-3.2.2"
source = "registry+https://github.com/rust-lang/crates.io-index"
checksum = "1d1d8477496fa2b081fb8f63cf8d0a9a9ba6a7a8f2a21b87e7d13d2ab6d73582"
dependencies = [
 "cmake",
 "rpkg-config",
 "sdl3-sys",
 "sdl3-ttf-src",
]

[[package]]
name = "shlex"
version = "1.3.0"
source = "registry+https://github.com/rust-lang/crates.io-index"
checksum = "0fda2ff0d084019ba4d7c6f371c95d8fd75ce3524c3cb8fb653a3023f6323e64"
